
Microsoft Visual Studio Solution File, Format Version 12.00
# Visual Studio 15
Project("{FAE04EC0-301F-11D3-BF4B-00C04F79EFBC}") = "Assembly-CSharp", "Assembly-CSharp.csproj", "{B94C5C8D-1EB3-690B-E3D9-8F7DEEE033DF}"
EndProject
Project("{FAE04EC0-301F-11D3-BF4B-00C04F79EFBC}") = "Assembly-CSharp-firstpass", "Assembly-CSharp-firstpass.csproj", "{3D4A1409-49A7-8FBA-7C6A-7C0769EEC0EF}"
EndProject
Project("{FAE04EC0-301F-11D3-BF4B-00C04F79EFBC}") = "Assembly-CSharp-Editor-firstpass", "Assembly-CSharp-Editor-firstpass.csproj", "{A47B9580-1036-652D-69EF-DBCCAB4FA17B}"
EndProject
Global
	GlobalSection(SolutionConfigurationPlatforms) = preSolution
		Debug|Any CPU = Debug|Any CPU
		Release|Any CPU = Release|Any CPU
	EndGlobalSection
	GlobalSection(ProjectConfigurationPlatforms) = postSolution
		{B94C5C8D-1EB3-690B-E3D9-8F7DEEE033DF}.Debug|Any CPU.ActiveCfg = Debug|Any CPU
		{B94C5C8D-1EB3-690B-E3D9-8F7DEEE033DF}.Debug|Any CPU.Build.0 = Debug|Any CPU
		{B94C5C8D-1EB3-690B-E3D9-8F7DEEE033DF}.Release|Any CPU.ActiveCfg = Release|Any CPU
		{B94C5C8D-1EB3-690B-E3D9-8F7DEEE033DF}.Release|Any CPU.Build.0 = Release|Any CPU
		{3D4A1409-49A7-8FBA-7C6A-7C0769EEC0EF}.Debug|Any CPU.ActiveCfg = Debug|Any CPU
		{3D4A1409-49A7-8FBA-7C6A-7C0769EEC0EF}.Debug|Any CPU.Build.0 = Debug|Any CPU
		{3D4A1409-49A7-8FBA-7C6A-7C0769EEC0EF}.Release|Any CPU.ActiveCfg = Release|Any CPU
		{3D4A1409-49A7-8FBA-7C6A-7C0769EEC0EF}.Release|Any CPU.Build.0 = Release|Any CPU
		{A47B9580-1036-652D-69EF-DBCCAB4FA17B}.Debug|Any CPU.ActiveCfg = Debug|Any CPU
		{A47B9580-1036-652D-69EF-DBCCAB4FA17B}.Debug|Any CPU.Build.0 = Debug|Any CPU
		{A47B9580-1036-652D-69EF-DBCCAB4FA17B}.Release|Any CPU.ActiveCfg = Release|Any CPU
		{A47B9580-1036-652D-69EF-DBCCAB4FA17B}.Release|Any CPU.Build.0 = Release|Any CPU
	EndGlobalSection
	GlobalSection(SolutionProperties) = preSolution
		HideSolutionNode = FALSE
	EndGlobalSection
EndGlobal
